
Microsoft Visual Studio Solution File, Format Version 12.00
# Visual Studio 14
VisualStudioVersion = 14.0.24720.0
MinimumVisualStudioVersion = 10.0.40219.1
Project("{FAE04EC0-301F-11D3-BF4B-00C04F79EFBC}") = "07.QuotesInStrings", "07.QuotesInStrings\07.QuotesInStrings.csproj", "{76F5C9B2-EFE5-40AC-86EE-07D3CA670D16}"
EndProject
Project("{FAE04EC0-301F-11D3-BF4B-00C04F79EFBC}") = "13.ComparingFloats", "13.ComparingFloats\13.ComparingFloats.csproj", "{0FB969DD-4E75-4D28-96F2-550ACD3EE7B3}"
EndProject
Project("{FAE04EC0-301F-11D3-BF4B-00C04F79EFBC}") = "14.PrintTheASCIITable", "14.PrintTheASCIITable\14.PrintTheASCIITable.csproj", "{9B6AD348-7F49-493B-B1ED-425945756FDD}"
EndProject
Global
	GlobalSection(SolutionConfigurationPlatforms) = preSolution
		Debug|Any CPU = Debug|Any CPU
		Release|Any CPU = Release|Any CPU
	EndGlobalSection
	GlobalSection(ProjectConfigurationPlatforms) = postSolution
		{76F5C9B2-EFE5-40AC-86EE-07D3CA670D16}.Debug|Any CPU.ActiveCfg = Debug|Any CPU
		{76F5C9B2-EFE5-40AC-86EE-07D3CA670D16}.Debug|Any CPU.Build.0 = Debug|Any CPU
		{76F5C9B2-EFE5-40AC-86EE-07D3CA670D16}.Release|Any CPU.ActiveCfg = Release|Any CPU
		{76F5C9B2-EFE5-40AC-86EE-07D3CA670D16}.Release|Any CPU.Build.0 = Release|Any CPU
		{0FB969DD-4E75-4D28-96F2-550ACD3EE7B3}.Debug|Any CPU.ActiveCfg = Debug|Any CPU
		{0FB969DD-4E75-4D28-96F2-550ACD3EE7B3}.Debug|Any CPU.Build.0 = Debug|Any CPU
		{0FB969DD-4E75-4D28-96F2-550ACD3EE7B3}.Release|Any CPU.ActiveCfg = Release|Any CPU
		{0FB969DD-4E75-4D28-96F2-550ACD3EE7B3}.Release|Any CPU.Build.0 = Release|Any CPU
		{9B6AD348-7F49-493B-B1ED-425945756FDD}.Debug|Any CPU.ActiveCfg = Debug|Any CPU
		{9B6AD348-7F49-493B-B1ED-425945756FDD}.Debug|Any CPU.Build.0 = Debug|Any CPU
		{9B6AD348-7F49-493B-B1ED-425945756FDD}.Release|Any CPU.ActiveCfg = Release|Any CPU
		{9B6AD348-7F49-493B-B1ED-425945756FDD}.Release|Any CPU.Build.0 = Release|Any CPU
	EndGlobalSection
	GlobalSection(SolutionProperties) = preSolution
		HideSolutionNode = FALSE
	EndGlobalSection
EndGlobal
