
Microsoft Visual Studio Solution File, Format Version 12.00
# Visual Studio 14
VisualStudioVersion = 14.0.25123.0
MinimumVisualStudioVersion = 10.0.40219.1
Project("{FAE04EC0-301F-11D3-BF4B-00C04F79EFBC}") = "MobileStore", "MobileStore\MobileStore.csproj", "{E30FAE20-0554-455F-998A-828BDC079014}"
EndProject
Project("{FAE04EC0-301F-11D3-BF4B-00C04F79EFBC}") = "GSMTest", "Test\GSMTest.csproj", "{18FC4647-99D5-4CFE-8A9C-66F3899EF2CE}"
EndProject
Global
	GlobalSection(SolutionConfigurationPlatforms) = preSolution
		Debug|Any CPU = Debug|Any CPU
		Release|Any CPU = Release|Any CPU
	EndGlobalSection
	GlobalSection(ProjectConfigurationPlatforms) = postSolution
		{E30FAE20-0554-455F-998A-828BDC079014}.Debug|Any CPU.ActiveCfg = Debug|Any CPU
		{E30FAE20-0554-455F-998A-828BDC079014}.Debug|Any CPU.Build.0 = Debug|Any CPU
		{E30FAE20-0554-455F-998A-828BDC079014}.Release|Any CPU.ActiveCfg = Release|Any CPU
		{E30FAE20-0554-455F-998A-828BDC079014}.Release|Any CPU.Build.0 = Release|Any CPU
		{18FC4647-99D5-4CFE-8A9C-66F3899EF2CE}.Debug|Any CPU.ActiveCfg = Debug|Any CPU
		{18FC4647-99D5-4CFE-8A9C-66F3899EF2CE}.Debug|Any CPU.Build.0 = Debug|Any CPU
		{18FC4647-99D5-4CFE-8A9C-66F3899EF2CE}.Release|Any CPU.ActiveCfg = Release|Any CPU
		{18FC4647-99D5-4CFE-8A9C-66F3899EF2CE}.Release|Any CPU.Build.0 = Release|Any CPU
	EndGlobalSection
	GlobalSection(SolutionProperties) = preSolution
		HideSolutionNode = FALSE
	EndGlobalSection
EndGlobal
