
Microsoft Visual Studio Solution File, Format Version 12.00
# Visual Studio 14
VisualStudioVersion = 14.0.24720.0
MinimumVisualStudioVersion = 10.0.40219.1
Project("{FAE04EC0-301F-11D3-BF4B-00C04F79EFBC}") = "01.ExchangeIfGreater", "01.ExchangeIfGreater\01.ExchangeIfGreater.csproj", "{FE64ED7D-CBC4-46C3-A244-673F76EA12DF}"
EndProject
Project("{FAE04EC0-301F-11D3-BF4B-00C04F79EFBC}") = "02.BonusScore", "02.BonusScore\02.BonusScore.csproj", "{DF02783A-FA91-4606-A48C-BE3EBBA5A20A}"
EndProject
Project("{FAE04EC0-301F-11D3-BF4B-00C04F79EFBC}") = "03.CheckForAPlayCard", "03.CheckForAPlayCard\03.CheckForAPlayCard.csproj", "{93512CF7-AF3E-4F0D-A9A1-BBCC727E8456}"
EndProject
Project("{FAE04EC0-301F-11D3-BF4B-00C04F79EFBC}") = "04.MultiplicationSign", "04.MultiplicationSign\04.MultiplicationSign.csproj", "{C5DF15DF-E0DA-4ED9-8517-71A2D77D2851}"
EndProject
Project("{FAE04EC0-301F-11D3-BF4B-00C04F79EFBC}") = "05.BiggestOfThree", "05.BiggestOfThree\05.BiggestOfThree.csproj", "{0BA9A620-381D-4CD8-9FD9-94EDF23AA80C}"
EndProject
Project("{FAE04EC0-301F-11D3-BF4B-00C04F79EFBC}") = "06.BiggestOfFive", "06.BiggestOfFive\06.BiggestOfFive.csproj", "{23EE7C66-B92F-443D-B1CB-89CAAAE6575C}"
EndProject
Project("{FAE04EC0-301F-11D3-BF4B-00C04F79EFBC}") = "07.SortThreeNumbers", "07.SortThreeNumbers\07.SortThreeNumbers.csproj", "{52584B0E-228D-4336-861E-F9403C17867F}"
EndProject
Project("{FAE04EC0-301F-11D3-BF4B-00C04F79EFBC}") = "08.DigitAsWord", "08.DigitAsWord\08.DigitAsWord.csproj", "{7CC0D3F1-4559-472F-B23B-EE11281B6A1B}"
EndProject
Project("{FAE04EC0-301F-11D3-BF4B-00C04F79EFBC}") = "09.IntDoubleAndString", "09.IntDoubleAndString\09.IntDoubleAndString.csproj", "{71745074-2156-4385-99CB-850A0F55590A}"
EndProject
Project("{FAE04EC0-301F-11D3-BF4B-00C04F79EFBC}") = "Number as Words", "Number as Words\Number as Words.csproj", "{F752DDAE-B9FB-48A5-A1DB-1D31A9D63A72}"
EndProject
Global
	GlobalSection(SolutionConfigurationPlatforms) = preSolution
		Debug|Any CPU = Debug|Any CPU
		Release|Any CPU = Release|Any CPU
	EndGlobalSection
	GlobalSection(ProjectConfigurationPlatforms) = postSolution
		{FE64ED7D-CBC4-46C3-A244-673F76EA12DF}.Debug|Any CPU.ActiveCfg = Debug|Any CPU
		{FE64ED7D-CBC4-46C3-A244-673F76EA12DF}.Debug|Any CPU.Build.0 = Debug|Any CPU
		{FE64ED7D-CBC4-46C3-A244-673F76EA12DF}.Release|Any CPU.ActiveCfg = Release|Any CPU
		{FE64ED7D-CBC4-46C3-A244-673F76EA12DF}.Release|Any CPU.Build.0 = Release|Any CPU
		{DF02783A-FA91-4606-A48C-BE3EBBA5A20A}.Debug|Any CPU.ActiveCfg = Debug|Any CPU
		{DF02783A-FA91-4606-A48C-BE3EBBA5A20A}.Debug|Any CPU.Build.0 = Debug|Any CPU
		{DF02783A-FA91-4606-A48C-BE3EBBA5A20A}.Release|Any CPU.ActiveCfg = Release|Any CPU
		{DF02783A-FA91-4606-A48C-BE3EBBA5A20A}.Release|Any CPU.Build.0 = Release|Any CPU
		{93512CF7-AF3E-4F0D-A9A1-BBCC727E8456}.Debug|Any CPU.ActiveCfg = Debug|Any CPU
		{93512CF7-AF3E-4F0D-A9A1-BBCC727E8456}.Debug|Any CPU.Build.0 = Debug|Any CPU
		{93512CF7-AF3E-4F0D-A9A1-BBCC727E8456}.Release|Any CPU.ActiveCfg = Release|Any CPU
		{93512CF7-AF3E-4F0D-A9A1-BBCC727E8456}.Release|Any CPU.Build.0 = Release|Any CPU
		{C5DF15DF-E0DA-4ED9-8517-71A2D77D2851}.Debug|Any CPU.ActiveCfg = Debug|Any CPU
		{C5DF15DF-E0DA-4ED9-8517-71A2D77D2851}.Debug|Any CPU.Build.0 = Debug|Any CPU
		{C5DF15DF-E0DA-4ED9-8517-71A2D77D2851}.Release|Any CPU.ActiveCfg = Release|Any CPU
		{C5DF15DF-E0DA-4ED9-8517-71A2D77D2851}.Release|Any CPU.Build.0 = Release|Any CPU
		{0BA9A620-381D-4CD8-9FD9-94EDF23AA80C}.Debug|Any CPU.ActiveCfg = Debug|Any CPU
		{0BA9A620-381D-4CD8-9FD9-94EDF23AA80C}.Debug|Any CPU.Build.0 = Debug|Any CPU
		{0BA9A620-381D-4CD8-9FD9-94EDF23AA80C}.Release|Any CPU.ActiveCfg = Release|Any CPU
		{0BA9A620-381D-4CD8-9FD9-94EDF23AA80C}.Release|Any CPU.Build.0 = Release|Any CPU
		{23EE7C66-B92F-443D-B1CB-89CAAAE6575C}.Debug|Any CPU.ActiveCfg = Debug|Any CPU
		{23EE7C66-B92F-443D-B1CB-89CAAAE6575C}.Debug|Any CPU.Build.0 = Debug|Any CPU
		{23EE7C66-B92F-443D-B1CB-89CAAAE6575C}.Release|Any CPU.ActiveCfg = Release|Any CPU
		{23EE7C66-B92F-443D-B1CB-89CAAAE6575C}.Release|Any CPU.Build.0 = Release|Any CPU
		{52584B0E-228D-4336-861E-F9403C17867F}.Debug|Any CPU.ActiveCfg = Debug|Any CPU
		{52584B0E-228D-4336-861E-F9403C17867F}.Debug|Any CPU.Build.0 = Debug|Any CPU
		{52584B0E-228D-4336-861E-F9403C17867F}.Release|Any CPU.ActiveCfg = Release|Any CPU
		{52584B0E-228D-4336-861E-F9403C17867F}.Release|Any CPU.Build.0 = Release|Any CPU
		{7CC0D3F1-4559-472F-B23B-EE11281B6A1B}.Debug|Any CPU.ActiveCfg = Debug|Any CPU
		{7CC0D3F1-4559-472F-B23B-EE11281B6A1B}.Debug|Any CPU.Build.0 = Debug|Any CPU
		{7CC0D3F1-4559-472F-B23B-EE11281B6A1B}.Release|Any CPU.ActiveCfg = Release|Any CPU
		{7CC0D3F1-4559-472F-B23B-EE11281B6A1B}.Release|Any CPU.Build.0 = Release|Any CPU
		{71745074-2156-4385-99CB-850A0F55590A}.Debug|Any CPU.ActiveCfg = Debug|Any CPU
		{71745074-2156-4385-99CB-850A0F55590A}.Debug|Any CPU.Build.0 = Debug|Any CPU
		{71745074-2156-4385-99CB-850A0F55590A}.Release|Any CPU.ActiveCfg = Release|Any CPU
		{71745074-2156-4385-99CB-850A0F55590A}.Release|Any CPU.Build.0 = Release|Any CPU
		{F752DDAE-B9FB-48A5-A1DB-1D31A9D63A72}.Debug|Any CPU.ActiveCfg = Debug|Any CPU
		{F752DDAE-B9FB-48A5-A1DB-1D31A9D63A72}.Debug|Any CPU.Build.0 = Debug|Any CPU
		{F752DDAE-B9FB-48A5-A1DB-1D31A9D63A72}.Release|Any CPU.ActiveCfg = Release|Any CPU
		{F752DDAE-B9FB-48A5-A1DB-1D31A9D63A72}.Release|Any CPU.Build.0 = Release|Any CPU
	EndGlobalSection
	GlobalSection(SolutionProperties) = preSolution
		HideSolutionNode = FALSE
	EndGlobalSection
EndGlobal
